version = 1
revision = 3
requires-python = "==3.12.*"
resolution-markers = [
    "sys_platform == 'win32'",
    "sys_platform == 'emscripten'",
    "sys_platform != 'emscripten' and sys_platform != 'win32'",
]

[[package]]
name = "click"
version = "8.5.0"
source = { registry = "https://pypi.org/simple" }
sdist = { url = "https://files.pythonhosted.org/packages/c7/0e/7fa0ef50764b67090eca4114772a2abf8b6148198475e54c660b97caeee6/click-8.5.0.tar.gz", hash = "sha256:ba0d2089de75ea0310e2dde03160e6ca10009947fb95a182f9b54021bb272e34", size = 382235, upload-time = "2026-08-26T13:33:14.56Z" }
wheels = [
    { url = "https://files.pythonhosted.org/packages/58/50/6c0d534c5f134586a8e1ba4e330569e32f057e33372ae556463212fb4cd3/click-8.5.0-py3-none-any.whl", hash = "sha256:255bc9599cf7748b4b1a446ccc735421bd08a2ae529a8b88597d3de5664ee360", size = 125251, upload-time = "2026-08-26T13:33:12.928Z" },
]

[[package]]
name = "colorama"
version = "0.4.6"
source = { registry = "https://pypi.org/simple" }
sdist = { url = "https://files.pythonhosted.org/packages/d8/53/6f443c9a4a8358a93a6792e2acffb9d9d5cb0a5cfd8802644b7b1c9a02e4/colorama-0.4.6.tar.gz", hash = "sha256:08695f5cb7ed6e0531a20572697297273c47b8cae5a63ffc6d6ed5c201be6e44", size = 27697, upload-time = "2022-10-25T02:36:22.414Z" }
wheels = [
    { url = "https://files.pythonhosted.org/packages/d1/d6/3965ed04c63042e047cb6a3e6ed1a63a35087b6a609aa3a15ed8ac56c221/colorama-0.4.6-py2.py3-none-any.whl", hash = "sha256:4f1d9991f5acc0ca119f9d443620b77f9d6b33703e51011c16baf57afb285fc6", size = 25335, upload-time = "2022-10-25T02:36:20.889Z" },
]

[[package]]
name = "eventkit"
version = "1.0.3"
source = { registry = "https://pypi.org/simple" }
dependencies = [
    { name = "numpy" },
]
sdist = { url = "https://files.pythonhosted.org/packages/16/1e/0fac4e45d71ace143a2673ec642701c3cd16f833a0e77a57fa6a40472696/eventkit-1.0.3.tar.gz", hash = "sha256:99497f6f3c638a50ff7616f2f8cd887b18bbff3765dc1bd8681554db1467c933", size = 28320, upload-time = "2023-12-11T11:41:35.339Z" }
wheels = [
    { url = "https://files.pythonhosted.org/packages/93/d9/7497d650b69b420e1a913329a843e16c715dac883750679240ef00a921e2/eventkit-1.0.3-py3-none-any.whl", hash = "sha256:0e199527a89aff9d195b9671ad45d2cc9f79ecda0900de8ecfb4c864d67ad6a2", size = 31837, upload-time = "2023-12-11T11:41:33.358Z" },
]

[[package]]
name = "fsspec"
version = "2026.2.0"
source = { registry = "https://pypi.org/simple" }
sdist = { url = "https://files.pythonhosted.org/packages/51/7c/f60c259dcbf4f0c47cc4ddb8f7720d2dcdc8888c8e5ad84c73ea4531cc5b/fsspec-2026.2.0.tar.gz", hash = "sha256:6544e34b16869f5aacd5b90bdf1a71acb37792ea3ddf6125ee69a22a53fb8bff", size = 313441, upload-time = "2026-02-05T21:50:53.743Z" }
wheels = [
    { url = "https://files.pythonhosted.org/packages/e6/ab/fb21f4c939bb440104cc2b396d3be1d9b7a9fd3c6c2a53d98c45b3d7c954/fsspec-2026.2.0-py3-none-any.whl", hash = "sha256:98de475b5cb3bd66bedd5c4679e87b4fdfe1a3bf4d707b151b3c07e58c9a2437", size = 202505, upload-time = "2026-02-05T21:50:51.819Z" },
]

[[package]]
name = "hk-competition-execution"
version = "0.1.0"
source = { editable = "." }

[package.optional-dependencies]
ibkr = [
    { name = "ib-insync" },
    { name = "tzdata" },
]
nautilus = [
    { name = "nautilus-trader" },
]
test = [
    { name = "pytest" },
]

[package.metadata]
requires-dist = [
    { name = "ib-insync", marker = "extra == 'ibkr'", specifier = ">=0.9.86" },
    { name = "nautilus-trader", marker = "extra == 'nautilus'", specifier = ">=1.0" },
    { name = "pytest", marker = "extra == 'test'", specifier = ">=8.0" },
    { name = "tzdata", marker = "extra == 'ibkr'", specifier = ">=2024.1" },
]
provides-extras = ["nautilus", "test", "ibkr"]

[[package]]
name = "ib-insync"
version = "0.9.86"
source = { registry = "https://pypi.org/simple" }
dependencies = [
    { name = "eventkit" },
    { name = "nest-asyncio" },
]
sdist = { url = "https://files.pythonhosted.org/packages/55/bb/733d5c81c8c2f54e90898afc7ff3a99f4d53619e6917c848833f9cc1ab56/ib_insync-0.9.86.tar.gz", hash = "sha256:73af602ca2463f260999970c5bd937b1c4325e383686eff301743a4de08d381e", size = 69859, upload-time = "2023-07-02T12:43:31.968Z" }
wheels = [
    { url = "https://files.pythonhosted.org/packages/8f/f3/28ea87be30570f4d6b8fd24380d12fa74e59467ee003755e76aeb29082b8/ib_insync-0.9.86-py3-none-any.whl", hash = "sha256:a61fbe56ff405d93d211dad8238d7300de76dd6399eafc04c320470edec9a4a4", size = 72980, upload-time = "2023-07-02T12:43:29.928Z" },
]

[[package]]
name = "iniconfig"
version = "2.3.0"
source = { registry = "https://pypi.org/simple" }
sdist = { url = "https://files.pythonhosted.org/packages/72/34/14ca021ce8e5dfedc35312d08ba8bf51fdd999c576889fc2c24cb97f4f10/iniconfig-2.3.0.tar.gz", hash = "sha256:c76315c77db068650d49c5b56314774a7804df16fee4402c1f19d6d15d8c4730", size = 20503, upload-time = "2025-10-18T21:55:43.219Z" }
wheels = [
    { url = "https://files.pythonhosted.org/packages/cb/b1/3846dd7f199d53cb17f49cba7e651e9ce294d8497c8c150530ed11865bb8/iniconfig-2.3.0-py3-none-any.whl", hash = "sha256:f631c04d2c48c52b84d0d0549c99ff3859c98df65b3101406327ecc7d53fbf12", size = 7484, upload-time = "2025-10-18T21:55:41.639Z" },
]

[[package]]
name = "msgspec"
version = "0.21.1"
source = { registry = "https://pypi.org/simple" }
sdist = { url = "https://files.pythonhosted.org/packages/e3/60/f79b9b013a16fa3a58350c9295ddc6789f2e335f36ea61ed10a21b215364/msgspec-0.21.1.tar.gz", hash = "sha256:2313508e394b0d208f8f56892ca9b2799e2561329de9763b19619595a6c0f72c", size = 319193, upload-time = "2026-04-12T21:44:50.394Z" }
wheels = [
    { url = "https://files.pythonhosted.org/packages/6e/cf/317224852c00248c620a9bcf4b26e2e4ab8afd752f18d2a6ef73ebd423b6/msgspec-0.21.1-cp312-cp312-macosx_10_13_x86_64.whl", hash = "sha256:d4248cf0b6129b7d230eacd493c17cc2d4f3989f3bb7f633a928a85b7dcfa251", size = 196188, upload-time = "2026-04-12T21:44:07.181Z" },
    { url = "https://files.pythonhosted.org/packages/6d/81/074612945c0666078f7366f40000013de9f6ba687491d450df699bceebc9/msgspec-0.21.1-cp312-cp312-macosx_11_0_arm64.whl", hash = "sha256:5102c7e9b3acff82178449b85006d96310e690291bb1ea0142f1b24bcb8aabcb", size = 188473, upload-time = "2026-04-12T21:44:08.736Z" },
    { url = "https://files.pythonhosted.org/packages/8a/37/655101799590bcc5fddb2bd3fe0e6194e816c2d1da7c361725f5eb89a910/msgspec-0.21.1-cp312-cp312-manylinux2014_aarch64.manylinux_2_17_aarch64.manylinux_2_28_aarch64.whl", hash = "sha256:846758412e9518252b2ac9bffd6f0e54d9ff614f5f9488df7749f81ff5c80920", size = 218871, upload-time = "2026-04-12T21:44:09.917Z" },
    { url = "https://files.pythonhosted.org/packages/b5/d1/d4cd9fe89c7d400d7a18f86ccc94daa3f0927f53558846fcb60791dce5d6/msgspec-0.21.1-cp312-cp312-manylinux2014_x86_64.manylinux_2_17_x86_64.manylinux_2_28_x86_64.whl", hash = "sha256:21995e74b5c598c2e004110ad66ec7f1b8c20bf2bcf3b2de8fd9a3094422d3ff", size = 225025, upload-time = "2026-04-12T21:44:11.191Z" },
    { url = "https://files.pythonhosted.org/packages/24/bf/e20549e602b9edccadeeff98760345a416f9cce846a657e8b18e3396b212/msgspec-0.21.1-cp312-cp312-musllinux_1_2_aarch64.whl", hash = "sha256:6129f0cca52992e898fd5344187f7c8127b63d810b2fd73e36fca73b4c6475ee", size = 222672, upload-time = "2026-04-12T21:44:12.481Z" },
    { url = "https://files.pythonhosted.org/packages/b4/68/04d7a8f0f786545cf9b8c280c57aa6befb5977af6e884b8b54191cbe44b3/msgspec-0.21.1-cp312-cp312-musllinux_1_2_x86_64.whl", hash = "sha256:ef3ec2296248d1f8b9231acb051b6d471dfde8f21819e86c9adaaa9f42918521", size = 227303, upload-time = "2026-04-12T21:44:13.709Z" },
    { url = "https://files.pythonhosted.org/packages/cc/4d/619866af2840875be408047bf9e70ceafbae6ab50660de7134ed1b25eb86/msgspec-0.21.1-cp312-cp312-win_amd64.whl", hash = "sha256:d4ab834a054c6f0cbeef6df9e7e1b33d5f1bc7b86dea1d2fd7cad003873e783d", size = 190017, upload-time = "2026-04-12T21:44:14.977Z" },
    { url = "https://files.pythonhosted.org/packages/5e/2e/a8f9eca8fd00e097d7a9e99ba8a4685db994494448e3d4f0b7f6e9a3c0f7/msgspec-0.21.1-cp312-cp312-win_arm64.whl", hash = "sha256:628aaa35c74950a8c59da330d7e98917e1c7188f983745782027748ee4ca573e", size = 175345, upload-time = "2026-04-12T21:44:16.431Z" },
]

[[package]]
name = "nautilus-trader"
version = "1.231.0"
source = { registry = "https://pypi.org/simple" }
dependencies = [
    { name = "click" },
    { name = "fsspec" },
    { name = "msgspec" },
    { name = "numpy" },
    { name = "pandas" },
    { name = "portion" },
    { name = "pyarrow" },
    { name = "pytz" },
    { name = "tqdm" },
    { name = "tzdata" },
    { name = "uvloop", marker = "sys_platform != 'win32'" },
]
sdist = { url = "https://files.pythonhosted.org/packages/22/b7/a899df9daa2d84b9bb546a982b951f9336c814014c8545466d3eb138993b/nautilus_trader-1.231.0.tar.gz", hash = "sha256:142dde40e77339745aa5fe6bcbb3de5624cee087f526879da00f127df077530f", size = 10333295, upload-time = "2026-08-02T18:51:05.518Z" }
wheels = [
    { url = "https://files.pythonhosted.org/packages/2d/cc/d0898a1311e39278b8b92667d487dd636e698020b5736ac73e6d0f3f1976/nautilus_trader-1.231.0-cp312-cp312-macosx_26_0_arm64.whl", hash = "sha256:ed9304cbedeccd03e157c89b1e9acc3c9c35785f3bc2a114e4ea2e262a051890", size = 156041405, upload-time = "2026-08-02T18:47:40.645Z" },
    { url = "https://files.pythonhosted.org/packages/24/04/caa9e6a138440d728ef63af23212cdaf02714c5072451d72dd2382c89c3c/nautilus_trader-1.231.0-cp312-cp312-manylinux_2_35_aarch64.whl", hash = "sha256:cae3d3b0dd26e88ce44b75d7696bd0193af62846c22cf6b19d93928643089b83", size = 170436061, upload-time = "2026-08-02T18:47:55.767Z" },
    { url = "https://files.pythonhosted.org/packages/06/16/8862b5ab63b81d21b3b12a138e8c64cd8702927973a2892cc1452aaf883c/nautilus_trader-1.231.0-cp312-cp312-manylinux_2_35_x86_64.whl", hash = "sha256:8c438e95c275a13df0c0ddb7012c462708b5e99ff3612e36a1b7bd49ab39c216", size = 189045623, upload-time = "2026-08-02T18:48:12.262Z" },
    { url = "https://files.pythonhosted.org/packages/cc/6b/9e9e55e75754c61ebeb8fe0e37997169a5d08fcb8849eb8fd245acb04d1c/nautilus_trader-1.231.0-cp312-cp312-win_amd64.whl", hash = "sha256:0697f51e9143f9d8d040f75d2e6a45218003cc34f7ea5b0eb2f9cda6935427de", size = 112750098, upload-time = "2026-08-02T18:48:23.525Z" },
]

[[package]]
name = "nest-asyncio"
version = "1.6.0"
source = { registry = "https://pypi.org/simple" }
sdist = { url = "https://files.pythonhosted.org/packages/83/f8/51569ac65d696c8ecbee95938f89d4abf00f47d58d48f6fbabfe8f0baefe/nest_asyncio-1.6.0.tar.gz", hash = "sha256:6f172d5449aca15afd6c646851f4e31e02c598d553a667e38cafa997cfec55fe", size = 7418, upload-time = "2024-01-21T14:25:19.227Z" }
wheels = [
    { url = "https://files.pythonhosted.org/packages/a0/c4/c2971a3ba4c6103a3d10c4b0f24f461ddc027f0f09763220cf35ca1401b3/nest_asyncio-1.6.0-py3-none-any.whl", hash = "sha256:87af6efd6b5e897c81050477ef65c62e2b2f35d51703cae01aff2905b1852e1c", size = 5195, upload-time = "2024-01-21T14:25:17.223Z" },
]

[[package]]
name = "numpy"
version = "2.5.2"
source = { registry = "https://pypi.org/simple" }
sdist = { url = "https://files.pythonhosted.org/packages/9a/80/db0b4559e57ec36362bedbb05530a87fafbcb6067708c946967a41d449e7/numpy-2.5.2.tar.gz", hash = "sha256:d482d171c406ae88c5b19cad3b6a1c4c5209f886ab74bc44c2c865c23f52d860", size = 20773161, upload-time = "2026-08-09T13:48:27.962Z" }
wheels = [
    { url = "https://files.pythonhosted.org/packages/69/72/dccb0aaf40972777283303919f613964227266d0c13adebb79ac124f1c3e/numpy-2.5.2-cp312-cp312-macosx_10_13_x86_64.whl", hash = "sha256:14e373cfc6387177e8409dac3c7159be8eb05cd77096cd7c950268b86f62831c", size = 16891693, upload-time = "2026-08-09T13:44:51.702Z" },
    { url = "https://files.pythonhosted.org/packages/60/2e/b5aee50a1f74ac815cf8331812cb8251e29024025de462e0c047641c614c/numpy-2.5.2-cp312-cp312-macosx_11_0_arm64.whl", hash = "sha256:4bbd96c833ecc8cc069ce518078fc8c60cb9cbfb0fea5b7a803ad65035596d03", size = 11903109, upload-time = "2026-08-09T13:44:55.501Z" },
    { url = "https://files.pythonhosted.org/packages/f3/f4/29e78102a80601cf034d4e9767022cffeca2c3b4c926e1754572ca95593d/numpy-2.5.2-cp312-cp312-macosx_14_0_arm64.whl", hash = "sha256:6e8172ddfcf5cf74b811d372b570b83c60bd2de87a6fbfbebdadb4a9bd9c6cbb", size = 5350202, upload-time = "2026-08-09T13:44:58.401Z" },
    { url = "https://files.pythonhosted.org/packages/11/4b/dcd3b7eadaf4035d2c7a4289d232523a6964f602598ef7674e4bd7291f93/numpy-2.5.2-cp312-cp312-macosx_14_0_x86_64.whl", hash = "sha256:65f188481f1669e26f62b701e8205d19e460fa4a9b52a1414ba382330e4a3414", size = 6687736, upload-time = "2026-08-09T13:45:00.813Z" },
    { url = "https://files.pythonhosted.org/packages/e5/21/4947e0e9d6c9fc2e2ff15b8949049ee44f63adb9cacc729ab8793f97e712/numpy-2.5.2-cp312-cp312-manylinux_2_27_aarch64.manylinux_2_28_aarch64.whl", hash = "sha256:8ee9c4eeb8454b3660a8b53493563c3e121c2fc94fbd72b848ef814ed7b676a9", size = 15612696, upload-time = "2026-08-09T13:45:04.151Z" },
    { url = "https://files.pythonhosted.org/packages/3a/5f/62d28cf019460c7f1394105b4d49d9911a9c444cb77ab0bd95a204c5a6de/numpy-2.5.2-cp312-cp312-manylinux_2_27_x86_64.manylinux_2_28_x86_64.whl", hash = "sha256:3cdec01fa790a186d430433fdd4d4ffb70eed6f0eeb4bf05c8dbe2dce0a9bcb8", size = 16722264, upload-time = "2026-08-09T13:45:07.714Z" },
    { url = "https://files.pythonhosted.org/packages/14/25/3f0be4c1b9fdf5dd5e708a6806978564d7c46a055c000496309ff2a2f8af/numpy-2.5.2-cp312-cp312-musllinux_1_2_aarch64.whl", hash = "sha256:7999d4ddb0c4025018373fd787510d46e04c769467af22869707b3c1cfd459ab", size = 16974396, upload-time = "2026-08-09T13:45:11.316Z" },
    { url = "https://files.pythonhosted.org/packages/22/72/6262cbdeeb45da9d971e40715f579d791603ba8ec0b5e2db1ac55454421d/numpy-2.5.2-cp312-cp312-musllinux_1_2_x86_64.whl", hash = "sha256:c1f017dc0875c9209d219f97feceb7d54c2661bb243deb4114478e1295808af7", size = 18476044, upload-time = "2026-08-09T13:45:14.869Z" },
    { url = "https://files.pythonhosted.org/packages/36/33/29208b8b075bde62d26a81d14b358c42b0f69b6cabd98d4ff97f37f22b05/numpy-2.5.2-cp312-cp312-win32.whl", hash = "sha256:d6a48072864e3324e194a8fbb3c657bcc5b5c869dbc64c9537b1d5c862572c0a", size = 6072817, upload-time = "2026-08-09T13:45:17.867Z" },
    { url = "https://files.pythonhosted.org/packages/7f/b9/87fea2769fe1c47c1b5b01d8310772c9d1a85d485de7cf386ef7a3332b02/numpy-2.5.2-cp312-cp312-win_amd64.whl", hash = "sha256:28ac63476ec7651484215ee7fa15a1f78b57c14621f01e392afe17b9a1390ce4", size = 12464674, upload-time = "2026-08-09T13:45:20.734Z" },
    { url = "https://files.pythonhosted.org/packages/14/52/032b97e00461ab0809bbe4c588b035620e5a14b8cdee47ecddefc7b17d33/numpy-2.5.2-cp312-cp312-win_arm64.whl", hash = "sha256:27650bb0e7140fa3d37b9923b4803645e0b125d190f326eecfd3f4dad8e8ade1", size = 10397131, upload-time = "2026-08-09T13:45:23.73Z" },
]

[[package]]
name = "packaging"
version = "26.3"
source = { registry = "https://pypi.org/simple" }
sdist = { url = "https://files.pythonhosted.org/packages/7d/fa/3944b40b07da9ce895c0e6303a5ab7d53da063554f534556b134a54d6093/packaging-26.3.tar.gz", hash = "sha256:94edc256424af38762eb31306eed28beb9f0efc50a8837492c9d6fd6004aed79", size = 313412, upload-time = "2026-08-04T18:15:28.737Z" }
wheels = [
    { url = "https://files.pythonhosted.org/packages/63/34/ba1c580383c9eada3711951fef0795c80b829a078d72188184bcab9dd527/packaging-26.3-py3-none-any.whl", hash = "sha256:d7193f7c8e4e93f444fde0262bf90af30e16fa0ad0ad44cb553c87339b23cd1c", size = 129956, upload-time = "2026-08-04T18:15:27.159Z" },
]

[[package]]
name = "pandas"
version = "3.0.5"
source = { registry = "https://pypi.org/simple" }
dependencies = [
    { name = "numpy" },
    { name = "python-dateutil" },
    { name = "tzdata", marker = "sys_platform == 'emscripten' or sys_platform == 'win32'" },
]
sdist = { url = "https://files.pythonhosted.org/packages/be/4f/5f3422a2afec5ffc46308b79e53291365a93748b498ac2e58bead0197916/pandas-3.0.5.tar.gz", hash = "sha256:dca3734d6ab7c906e6730f0788b0a1dbb9f2467731f9711f77995c8e9d62d712", size = 4658219, upload-time = "2026-07-22T22:19:28.819Z" }
wheels = [
    { url = "https://files.pythonhosted.org/packages/1c/54/1dc810ea558d1320b597aa140a514f2fdf1d2ea09c38cf556f13ea712ec9/pandas-3.0.5-cp312-cp312-macosx_10_13_x86_64.whl", hash = "sha256:fa290c16964d4963fbfbc358928239cf3bd755b20e988ce944877def2f44471d", size = 10411717, upload-time = "2026-07-22T22:18:08.307Z" },
    { url = "https://files.pythonhosted.org/packages/68/56/fbe81c09195924d8b7b8d4461a20458fe80a6a5ed6b24f0314da684277e1/pandas-3.0.5-cp312-cp312-macosx_11_0_arm64.whl", hash = "sha256:c2e26bb46934b8a2ca0c3de1d3d606fc5f6746584791b2db264d58cf370e08dc", size = 9957095, upload-time = "2026-07-22T22:18:10.6Z" },
    { url = "https://files.pythonhosted.org/packages/e0/51/fac252f4a913ed5eabf3c11b880a9e8d5a6c10f0b2129d0462212d238b4d/pandas-3.0.5-cp312-cp312-manylinux_2_24_aarch64.manylinux_2_28_aarch64.whl", hash = "sha256:73fa87b08a7ef706f8aafda39ddaccf2a99047bea62d8c88a0361bcafb2237bc", size = 10485458, upload-time = "2026-07-22T22:18:12.834Z" },
    { url = "https://files.pythonhosted.org/packages/12/98/e976540c1addf70442be7842a18cf70884a964abbf69442504f4d2939989/pandas-3.0.5-cp312-cp312-manylinux_2_24_x86_64.manylinux_2_28_x86_64.whl", hash = "sha256:d373ce03ffd84010ed9839fa73672a9c8256990532e158440c0085db7d914b34", size = 10998091, upload-time = "2026-07-22T22:18:15.209Z" },
    { url = "https://files.pythonhosted.org/packages/a4/8c/1f29b5be8d3fc47dd7567eb167fabba2085879b31e0287ce7cba6d3d2ff4/pandas-3.0.5-cp312-cp312-musllinux_1_2_aarch64.whl", hash = "sha256:2a29c53d85ea98c5e792c59ef82ee9fbe6ca902c0d0adb6b23f45ef894cd7bf6", size = 11499501, upload-time = "2026-07-22T22:18:17.689Z" },
    { url = "https://files.pythonhosted.org/packages/9d/e2/bd9c98ad2df7b38bde002adde4cdf353519da51881634323b126c55997f9/pandas-3.0.5-cp312-cp312-musllinux_1_2_x86_64.whl", hash = "sha256:a5ad3b02ed6bc7d7ae9b70804b2c6aa31827489d150f8e623ce82491b82085d7", size = 12060559, upload-time = "2026-07-22T22:18:20.147Z" },
    { url = "https://files.pythonhosted.org/packages/f3/9a/ffbd852d58bd74a617fe2f8ee6a58a96982271ce41cf981eab22190b4a4b/pandas-3.0.5-cp312-cp312-pyemscripten_2024_0_wasm32.whl", hash = "sha256:b2acb4650527eec6822c3dadb2b771277b65e7dae7a267d4bccf65fd1bb3fbce", size = 7197652, upload-time = "2026-07-22T22:18:22.502Z" },
    { url = "https://files.pythonhosted.org/packages/70/b5/d2d3e9ae73362ba4229651b0ee1455cf78073a1ce585f6ff693782ce263e/pandas-3.0.5-cp312-cp312-win_amd64.whl", hash = "sha256:80a611068e8a3ac23f7398c6c14eb46dc974e5cc9997f653e2dcfd1da74edd41", size = 9831691, upload-time = "2026-07-22T22:18:24.534Z" },
    { url = "https://files.pythonhosted.org/packages/52/51/dea1e89d6a6796b9c43f85a09b484ee03edb8a4c4842e73e200a8c11301c/pandas-3.0.5-cp312-cp312-win_arm64.whl", hash = "sha256:25ff585b972a18ef1fe9ffa3ac6544d9950508aa76832e5147640b6022821e49", size = 9105796, upload-time = "2026-07-22T22:18:27.064Z" },
]

[[package]]
name = "pluggy"
version = "1.6.0"
source = { registry = "https://pypi.org/simple" }
sdist = { url = "https://files.pythonhosted.org/packages/f9/e2/3e91f31a7d2b083fe6ef3fa267035b518369d9511ffab804f839851d2779/pluggy-1.6.0.tar.gz", hash = "sha256:7dcc130b76258d33b90f61b658791dede3486c3e6bfb003ee5c9bfb396dd22f3", size = 69412, upload-time = "2025-05-15T12:30:07.975Z" }
wheels = [
    { url = "https://files.pythonhosted.org/packages/54/20/4d324d65cc6d9205fabedc306948156824eb9f0ee1633355a8f7ec5c66bf/pluggy-1.6.0-py3-none-any.whl", hash = "sha256:e920276dd6813095e9377c0bc5566d94c932c33b27a3e3945d8389c374dd4746", size = 20538, upload-time = "2025-05-15T12:30:06.134Z" },
]

[[package]]
name = "portion"
version = "2.6.2"
source = { registry = "https://pypi.org/simple" }
dependencies = [
    { name = "sortedcontainers" },
]
sdist = { url = "https://files.pythonhosted.org/packages/cd/5e/571d6f0ae29cf3dcec34519d7f8a4265e3348ef58f247548e9306087163b/portion-2.6.2.tar.gz", hash = "sha256:fbf334143dbac5d07ffa411784e2b29e4e1f21203385019a93e2c1a8f443da16", size = 123371, upload-time = "2026-06-14T14:16:22.456Z" }
wheels = [
    { url = "https://files.pythonhosted.org/packages/6a/26/669f1f68c5741bce383c3bb6afd1dda3495813118024a6a0a27d47b9d284/portion-2.6.2-py3-none-any.whl", hash = "sha256:86be115afafa776174dc5eac82afb6496c9fa3684f5b3a844c3139535c51085e", size = 28218, upload-time = "2026-06-14T14:16:21.169Z" },
]

[[package]]
name = "pyarrow"
version = "25.0.1"
source = { registry = "https://pypi.org/simple" }
sdist = { url = "https://files.pythonhosted.org/packages/3d/e3/27f57f80141379d60defe6703eb50a707325706f07fedfd1312c7a751995/pyarrow-25.0.1.tar.gz", hash = "sha256:9150a83248bfed9813ea3c3af74c3856c1984d444aa28e58bf7733b9750ddf6a", size = 1201653, upload-time = "2026-08-10T12:40:53.904Z" }
wheels = [
    { url = "https://files.pythonhosted.org/packages/a6/e2/9ab15b88cbfac28e16419ce5439ec29234c5172cb8259301b4ba639bdec0/pyarrow-25.0.1-cp312-cp312-macosx_12_0_arm64.whl", hash = "sha256:df961f2e7ae9cf496459259d798652c70625f6c080650d6952f8c04053c58ee9", size = 35861559, upload-time = "2026-08-10T12:38:02.567Z" },
    { url = "https://files.pythonhosted.org/packages/58/79/a0036dbe1eabe1f73127427342f1d99982584c4a2cde2651d6c93499c6f6/pyarrow-25.0.1-cp312-cp312-macosx_12_0_x86_64.whl", hash = "sha256:cc4aa407fde9fc660be3939e49ea31f50f3e9fec17c0ec63159f7711edd3efc9", size = 37628383, upload-time = "2026-08-10T12:38:09.083Z" },
    { url = "https://files.pythonhosted.org/packages/13/49/d93a57d375f4bf0cf82913dd6bb54acafde83dd993be2282c81ac5616cad/pyarrow-25.0.1-cp312-cp312-manylinux_2_28_aarch64.whl", hash = "sha256:4340f0ba6c1d2e13f21658de1d7c662ca2545018568d0030a1e9afca159d87e3", size = 46820190, upload-time = "2026-08-10T12:38:15.458Z" },
    { url = "https://files.pythonhosted.org/packages/60/c9/711ca85d79f1ec98f29a5eae2b051e25b4ecec5de3e3c0e2d5c5dcb15664/pyarrow-25.0.1-cp312-cp312-manylinux_2_28_x86_64.whl", hash = "sha256:5389cdf79447ed1515c9e31620e6e1e2302249564d603f2ad727d4f6d313e4c3", size = 50102437, upload-time = "2026-08-10T12:38:22.487Z" },
    { url = "https://files.pythonhosted.org/packages/80/53/8fb8359ff17cfb6263a1cf3ebf7caec9fe197de118719e84fcb1d0618026/pyarrow-25.0.1-cp312-cp312-musllinux_1_2_aarch64.whl", hash = "sha256:d51592cb7561e87877c506113e7adbf1342ab579e6c21f0ef44b8ba41cb74c80", size = 49942424, upload-time = "2026-08-10T12:38:28.755Z" },
    { url = "https://files.pythonhosted.org/packages/e8/83/4e5ae02a9341571b18a6fca380ac7a58ce6ddae7ab3c060208c0a1e79f02/pyarrow-25.0.1-cp312-cp312-musllinux_1_2_x86_64.whl", hash = "sha256:6109c94d8b9f3b17a041daca16cacb2f651ad8f1ef70a4232c2c0f37a23da2a8", size = 53144206, upload-time = "2026-08-10T12:38:34.862Z" },
    { url = "https://files.pythonhosted.org/packages/65/ee/197cbf47e49f83e6ebeb946a5259a48a638dea27ac774db42fe78022179d/pyarrow-25.0.1-cp312-cp312-win_amd64.whl", hash = "sha256:8858d7bfc22e3f51529aeaa4077225029724623e4595dc9eff8c793935c34140", size = 27953934, upload-time = "2026-08-10T12:38:39.808Z" },
]

[[package]]
name = "pygments"
version = "2.21.0"
source = { registry = "https://pypi.org/simple" }
sdist = { url = "https://files.pythonhosted.org/packages/49/2e/ced460408999b33da6b31b0021b0f37d329e202d4169aeb164493778f25b/pygments-2.21.0.tar.gz", hash = "sha256:610ca751c9bc2492b38eb9a38a7fbc93edbbb2d7182edaf34e66ae493dee5c8c", size = 5005329, upload-time = "2026-08-17T08:02:48.824Z" }
wheels = [
    { url = "https://files.pythonhosted.org/packages/71/46/17f022dd3e953bf20a04a028a21ec746d942f8d2af30fa0f124fa0e6a684/pygments-2.21.0-py3-none-any.whl", hash = "sha256:2363c69b61c4a97c838da3b130dcd6468f4848992b21a82f2a63ec34377137d9", size = 1250147, upload-time = "2026-08-17T08:02:44.912Z" },
]

[[package]]
name = "pytest"
version = "9.1.1"
source = { registry = "https://pypi.org/simple" }
dependencies = [
    { name = "colorama", marker = "sys_platform == 'win32'" },
    { name = "iniconfig" },
    { name = "packaging" },
    { name = "pluggy" },
    { name = "pygments" },
]
sdist = { url = "https://files.pythonhosted.org/packages/e4/47/b9efed96c114afcfa3c9d3fe98a76a1d14c74a9e266d397cf6eb64be5e01/pytest-9.1.1.tar.gz", hash = "sha256:1088fbde8f2b49d95a549a195707afa7a76a3ce9bcadc26b6d71f0ffda5fe313", size = 1636369, upload-time = "2026-06-19T10:58:32.857Z" }
wheels = [
    { url = "https://files.pythonhosted.org/packages/24/25/1de2678b631f5a49215c6c96fff41ba892b0a34df68d6d80292b1b48aa7f/pytest-9.1.1-py3-none-any.whl", hash = "sha256:37a86b45efb9a47a61a36449063e8e18d0cab3161329fc099eb21783169c4f0c", size = 386536, upload-time = "2026-06-19T10:58:31.347Z" },
]

[[package]]
name = "python-dateutil"
version = "2.9.0.post0"
source = { registry = "https://pypi.org/simple" }
dependencies = [
    { name = "six" },
]
sdist = { url = "https://files.pythonhosted.org/packages/66/c0/0c8b6ad9f17a802ee498c46e004a0eb49bc148f2fd230864601a86dcf6db/python-dateutil-2.9.0.post0.tar.gz", hash = "sha256:37dd54208da7e1cd875388217d5e00ebd4179249f90fb72437e91a35459a0ad3", size = 342432, upload-time = "2024-03-01T18:36:20.211Z" }
wheels = [
    { url = "https://files.pythonhosted.org/packages/ec/57/56b9bcc3c9c6a792fcbaf139543cee77261f3651ca9da0c93f5c1221264b/python_dateutil-2.9.0.post0-py2.py3-none-any.whl", hash = "sha256:a8b2bc7bffae282281c8140a97d3aa9c14da0b136dfe83f850eea9a5f7470427", size = 229892, upload-time = "2024-03-01T18:36:18.57Z" },
]

[[package]]
name = "pytz"
version = "2026.3.post1"
source = { registry = "https://pypi.org/simple" }
sdist = { url = "https://files.pythonhosted.org/packages/fb/48/fb042503b6ca6cd271261dc559fd6432f7d8c713153e9ec5c591af4dfc1c/pytz-2026.3.post1.tar.gz", hash = "sha256:2211d3fcf9a797d3405cac96ac7f61d80e6a644f72a3309607282fe8a2010c5d", size = 319745, upload-time = "2026-07-25T15:12:07.385Z" }
wheels = [
    { url = "https://files.pythonhosted.org/packages/0f/7b/39c34ca613b0b198cb866466651b26b045e2009864c5183c979a3b83f383/pytz-2026.3.post1-py2.py3-none-any.whl", hash = "sha256:dd95840dd199baea12d9cc096a1d452caa6596a1c1e4b5f3dbd1541855d5e815", size = 508283, upload-time = "2026-07-25T15:12:05.782Z" },
]

[[package]]
name = "six"
version = "1.17.0"
source = { registry = "https://pypi.org/simple" }
sdist = { url = "https://files.pythonhosted.org/packages/94/e7/b2c673351809dca68a0e064b6af791aa332cf192da575fd474ed7d6f16a2/six-1.17.0.tar.gz", hash = "sha256:ff70335d468e7eb6ec65b95b99d3a2836546063f63acc5171de367e834932a81", size = 34031, upload-time = "2024-12-04T17:35:28.174Z" }
wheels = [
    { url = "https://files.pythonhosted.org/packages/b7/ce/149a00dd41f10bc29e5921b496af8b574d8413afcd5e30dfa0ed46c2cc5e/six-1.17.0-py2.py3-none-any.whl", hash = "sha256:4721f391ed90541fddacab5acf947aa0d3dc7d27b2e1e8eda2be8970586c3274", size = 11050, upload-time = "2024-12-04T17:35:26.475Z" },
]

[[package]]
name = "sortedcontainers"
version = "2.4.0"
source = { registry = "https://pypi.org/simple" }
sdist = { url = "https://files.pythonhosted.org/packages/e8/c4/ba2f8066cceb6f23394729afe52f3bf7adec04bf9ed2c820b39e19299111/sortedcontainers-2.4.0.tar.gz", hash = "sha256:25caa5a06cc30b6b83d11423433f65d1f9d76c4c6a0c90e3379eaa43b9bfdb88", size = 30594, upload-time = "2021-05-16T22:03:42.897Z" }
wheels = [
    { url = "https://files.pythonhosted.org/packages/32/46/9cb0e58b2deb7f82b84065f37f3bffeb12413f947f9388e4cac22c4621ce/sortedcontainers-2.4.0-py2.py3-none-any.whl", hash = "sha256:a163dcaede0f1c021485e957a39245190e74249897e2ae4b2aa38595db237ee0", size = 29575, upload-time = "2021-05-16T22:03:41.177Z" },
]

[[package]]
name = "tqdm"
version = "4.70.0"
source = { registry = "https://pypi.org/simple" }
dependencies = [
    { name = "colorama", marker = "sys_platform == 'win32'" },
]
sdist = { url = "https://files.pythonhosted.org/packages/21/3b/6c24bec5be5e743ffd99576daa5cc077722fc7d5bbc00bd133fa0c698dc6/tqdm-4.70.0.tar.gz", hash = "sha256:55b0b0dbd97462d06ebee91e4dac24ed4d4702be82b24f07e6c1d27e08cea220", size = 795438, upload-time = "2026-07-27T11:33:15.271Z" }
wheels = [
    { url = "https://files.pythonhosted.org/packages/f9/1c/01bfd571a64e7f270e6bab5e33777debe0edc56759233ce84f27dec92d14/tqdm-4.70.0-py3-none-any.whl", hash = "sha256:7f585706bfddbdebf89daac705b2dfcc16890130727d3197ca62c732b4310953", size = 80184, upload-time = "2026-07-27T11:33:13.167Z" },
]

[[package]]
name = "tzdata"
version = "2026.3"
source = { registry = "https://pypi.org/simple" }
sdist = { url = "https://files.pythonhosted.org/packages/92/ff/5a28bdfd8c3ebec42564ac7d0e54ca3db65044a9314a97f9564fa7a1e926/tzdata-2026.3.tar.gz", hash = "sha256:4a1518b8993086a7982523e071643f3c0e5f213e75b21318e78bcabfff9d1415", size = 198674, upload-time = "2026-07-10T08:50:37.887Z" }
wheels = [
    { url = "https://files.pythonhosted.org/packages/e5/6d/b53b99a9f2766d095985947a5782f1702cabb129a34f7a802d7197af832f/tzdata-2026.3-py2.py3-none-any.whl", hash = "sha256:dc096730c87af6cab1b171c9d532be840741ff5d459015e7f6947bd7d7e54931", size = 348168, upload-time = "2026-07-10T08:50:36.46Z" },
]

[[package]]
name = "uvloop"
version = "0.22.1"
source = { registry = "https://pypi.org/simple" }
sdist = { url = "https://files.pythonhosted.org/packages/06/f0/18d39dbd1971d6d62c4629cc7fa67f74821b0dc1f5a77af43719de7936a7/uvloop-0.22.1.tar.gz", hash = "sha256:6c84bae345b9147082b17371e3dd5d42775bddce91f885499017f4607fdaf39f", size = 2443250, upload-time = "2025-10-16T22:17:19.342Z" }
wheels = [
    { url = "https://files.pythonhosted.org/packages/3d/ff/7f72e8170be527b4977b033239a83a68d5c881cc4775fca255c677f7ac5d/uvloop-0.22.1-cp312-cp312-macosx_10_13_universal2.whl", hash = "sha256:fe94b4564e865d968414598eea1a6de60adba0c040ba4ed05ac1300de402cd42", size = 1359936, upload-time = "2025-10-16T22:16:29.436Z" },
    { url = "https://files.pythonhosted.org/packages/c3/c6/e5d433f88fd54d81ef4be58b2b7b0cea13c442454a1db703a1eea0db1a59/uvloop-0.22.1-cp312-cp312-macosx_10_13_x86_64.whl", hash = "sha256:51eb9bd88391483410daad430813d982010f9c9c89512321f5b60e2cddbdddd6", size = 752769, upload-time = "2025-10-16T22:16:30.493Z" },
    { url = "https://files.pythonhosted.org/packages/24/68/a6ac446820273e71aa762fa21cdcc09861edd3536ff47c5cd3b7afb10eeb/uvloop-0.22.1-cp312-cp312-manylinux2014_aarch64.manylinux_2_17_aarch64.manylinux_2_28_aarch64.whl", hash = "sha256:700e674a166ca5778255e0e1dc4e9d79ab2acc57b9171b79e65feba7184b3370", size = 4317413, upload-time = "2025-10-16T22:16:31.644Z" },
    { url = "https://files.pythonhosted.org/packages/5f/6f/e62b4dfc7ad6518e7eff2516f680d02a0f6eb62c0c212e152ca708a0085e/uvloop-0.22.1-cp312-cp312-manylinux2014_x86_64.manylinux_2_17_x86_64.manylinux_2_28_x86_64.whl", hash = "sha256:7b5b1ac819a3f946d3b2ee07f09149578ae76066d70b44df3fa990add49a82e4", size = 4426307, upload-time = "2025-10-16T22:16:32.917Z" },
    { url = "https://files.pythonhosted.org/packages/90/60/97362554ac21e20e81bcef1150cb2a7e4ffdaf8ea1e5b2e8bf7a053caa18/uvloop-0.22.1-cp312-cp312-musllinux_1_2_aarch64.whl", hash = "sha256:e047cc068570bac9866237739607d1313b9253c3051ad84738cbb095be0537b2", size = 4131970, upload-time = "2025-10-16T22:16:34.015Z" },
    { url = "https://files.pythonhosted.org/packages/99/39/6b3f7d234ba3964c428a6e40006340f53ba37993f46ed6e111c6e9141d18/uvloop-0.22.1-cp312-cp312-musllinux_1_2_x86_64.whl", hash = "sha256:512fec6815e2dd45161054592441ef76c830eddaad55c8aa30952e6fe1ed07c0", size = 4296343, upload-time = "2025-10-16T22:16:35.149Z" },
]
